// !$*UTF8*$!
{
	archiveVersion = 1;
	classes = {
	};
	objectVersion = 46;
	objects = {

/* Begin PBXBuildFile section */
		14A468B51D58399800EC6E07 /* AppDelegate.swift in Sources */ = {isa = PBXBuildFile; fileRef = 14A468B41D58399800EC6E07 /* AppDelegate.swift */; };
		14A468B71D58399800EC6E07 /* ViewController.swift in Sources */ = {isa = PBXBuildFile; fileRef = 14A468B61D58399800EC6E07 /* ViewController.swift */; };
		14A468BA1D58399800EC6E07 /* Main.storyboard in Resources */ = {isa = PBXBuildFile; fileRef = 14A468B81D58399800EC6E07 /* Main.storyboard */; };
		14A468BC1D58399800EC6E07 /* Assets.xcassets in Resources */ = {isa = PBXBuildFile; fileRef = 14A468BB1D58399800EC6E07 /* Assets.xcassets */; };
		14A468BF1D58399800EC6E07 /* LaunchScreen.storyboard in Resources */ = {isa = PBXBuildFile; fileRef = 14A468BD1D58399800EC6E07 /* LaunchScreen.storyboard */; };
/* End PBXBuildFile section */

/* Begin PBXFileReference section */
		14A468B11D58399800EC6E07 /* Timestamp.app */ = {isa = PBXFileReference; explicitFileType = wrapper.application; includeInIndex = 0; path = Timestamp.app; sourceTree = BUILT_PRODUCTS_DIR; };
		14A468B41D58399800EC6E07 /* AppDelegate.swift */ = {isa = PBXFileReference; lastKnownFileType = sourcecode.swift; path = AppDelegate.swift; sourceTree = "<group>"; };
		14A468B61D58399800EC6E07 /* ViewController.swift */ = {isa = PBXFileReference; lastKnownFileType = sourcecode.swift; path = ViewController.swift; sourceTree = "<group>"; };
		14A468B91D58399800EC6E07 /* Base */ = {isa = PBXFileReference; lastKnownFileType = file.storyboard; name = Base; path = Base.lproj/Main.storyboard; sourceTree = "<group>"; };
		14A468BB1D58399800EC6E07 /* Assets.xcassets */ = {isa = PBXFileReference; lastKnownFileType = folder.assetcatalog; path = Assets.xcassets; sourceTree = "<group>"; };
		14A468BE1D58399800EC6E07 /* Base */ = {isa = PBXFileReference; lastKnownFileType = file.storyboard; name = Base; path = Base.lproj/LaunchScreen.storyboard; sourceTree = "<group>"; };
		14A468C01D58399800EC6E07 /* Info.plist */ = {isa = PBXFileReference; lastKnownFileType = text.plist.xml; path = Info.plist; sourceTree = "<group>"; };
/* End PBXFileReference section */

/* Begin PBXFrameworksBuildPhase section */
		14A468AE1D58399800EC6E07 /* Frameworks */ = {
			isa = PBXFrameworksBuildPhase;
			buildActionMask = 2147483647;
			files = (
			);
			runOnlyForDeploymentPostprocessing = 0;
		};
/* End PBXFrameworksBuildPhase section */

/* Begin PBXGroup section */
		14A468A81D58399800EC6E07 = {
			isa = PBXGroup;
			children = (
				14A468B31D58399800EC6E07 /* Timestamp */,
				14A468B21D58399800EC6E07 /* Products */,
			);
			sourceTree = "<group>";
		};
		14A468B21D58399800EC6E07 /* Products */ = {
			isa = PBXGroup;
			children = (
				14A468B11D58399800EC6E07 /* Timestamp.app */,
			);
			name = Products;
			sourceTree = "<group>";
		};
		14A468B31D58399800EC6E07 /* Timestamp */ = {
			isa = PBXGroup;
			children = (
				14A468B41D58399800EC6E07 /* AppDelegate.swift */,
				14A468B61D58399800EC6E07 /* ViewController.swift */,
				14A468B81D58399800EC6E07 /* Main.storyboard */,
				14A468BB1D58399800EC6E07 /* Assets.xcassets */,
				14A468BD1D58399800EC6E07 /* LaunchScreen.storyboard */,
				14A468C01D58399800EC6E07 /* Info.plist */,
			);
			path = Timestamp;
			sourceTree = "<group>";
		};
/* End PBXGroup section */

/* Begin PBXNativeTarget section */
		14A468B01D58399800EC6E07 /* Timestamp */ = {
			isa = PBXNativeTarget;
			buildConfigurationList = 14A468C31D58399800EC6E07 /* Build configuration list for PBXNativeTarget "Timestamp" */;
			buildPhases = (
				14A468AD1D58399800EC6E07 /* Sources */,
				14A468AE1D58399800EC6E07 /* Frameworks */,
				14A468AF1D58399800EC6E07 /* Resources */,
			);
			buildRules = (
			);
			dependencies = (
			);
			name = Timestamp;
			productName = Timestamp;
			productReference = 14A468B11D58399800EC6E07 /* Timestamp.app */;
			productType = "com.apple.product-type.application";
		};
/* End PBXNativeTarget section */

/* Begin PBXProject section */
		14A468A91D58399800EC6E07 /* Project object */ = {
			isa = PBXProject;
			attributes = {
				LastSwiftUpdateCheck = 0730;
				LastUpgradeCheck = 0730;
				ORGANIZATIONNAME = oortcloud;
				TargetAttributes = {
					14A468B01D58399800EC6E07 = {
						CreatedOnToolsVersion = 7.3.1;
					};
				};
			};
			buildConfigurationList = 14A468AC1D58399800EC6E07 /* Build configuration list for PBXProject "Timestamp" */;
			compatibilityVersion = "Xcode 3.2";
			developmentRegion = English;
			hasScannedForEncodings = 0;
			knownRegions = (
				en,
				Base,
			);
			mainGroup = 14A468A81D58399800EC6E07;
			productRefGroup = 14A468B21D58399800EC6E07 /* Products */;
			projectDirPath = "";
			projectRoot = "";
			targets = (
				14A468B01D58399800EC6E07 /* Timestamp */,
			);
		};
/* End PBXProject section */

/* Begin PBXResourcesBuildPhase section */
		14A468AF1D58399800EC6E07 /* Resources */ = {
			isa = PBXResourcesBuildPhase;
			buildActionMask = 2147483647;
			files = (
				14A468BF1D58399800EC6E07 /* LaunchScreen.storyboard in Resources */,
				14A468BC1D58399800EC6E07 /* Assets.xcassets in Resources */,
				14A468BA1D58399800EC6E07 /* Main.storyboard in Resources */,
			);
			runOnlyForDeploymentPostprocessing = 0;
		};
/* End PBXResourcesBuildPhase section */

/* Begin PBXSourcesBuildPhase section */
		14A468AD1D58399800EC6E07 /* Sources */ = {
			isa = PBXSourcesBuildPhase;
			buildActionMask = 2147483647;
			files = (
				14A468B71D58399800EC6E07 /* ViewController.swift in Sources */,
				14A468B51D58399800EC6E07 /* AppDelegate.swift in Sources */,
			);
			runOnlyForDeploymentPostprocessing = 0;
		};
/* End PBXSourcesBuildPhase section */

/* Begin PBXVariantGroup section */
		14A468B81D58399800EC6E07 /* Main.storyboard */ = {
			isa = PBXVariantGroup;
			children = (
				14A468B91D58399800EC6E07 /* Base */,
			);
			name = Main.storyboard;
			sourceTree = "<group>";
		};
		14A468BD1D58399800EC6E07 /* LaunchScreen.storyboard */ = {
			isa = PBXVariantGroup;
			children = (
				14A468BE1D58399800EC6E07 /* Base */,
			);
			name = LaunchScreen.storyboard;
			sourceTree = "<group>";
		};
/* End PBXVariantGroup section */

/* Begin XCBuildConfiguration section */
		14A468C11D58399800EC6E07 /* Debug */ = {
			isa = XCBuildConfiguration;
			buildSettings = {
				ALWAYS_SEARCH_USER_PATHS = NO;
				CLANG_ANALYZER_NONNULL = YES;
				CLANG_CXX_LANGUAGE_STANDARD = "gnu++0x";
				CLANG_CXX_LIBRARY = "libc++";
				CLANG_ENABLE_MODULES = YES;
				CLANG_ENABLE_OBJC_ARC = YES;
				CLANG_WARN_BOOL_CONVERSION = YES;
				CLANG_WARN_CONSTANT_CONVERSION = YES;
				CLANG_WARN_DIRECT_OBJC_ISA_USAGE = YES_ERROR;
				CLANG_WARN_EMPTY_BODY = YES;
				CLANG_WARN_ENUM_CONVERSION = YES;
				CLANG_WARN_INT_CONVERSION = YES;
				CLANG_WARN_OBJC_ROOT_CLASS = YES_ERROR;
				CLANG_WARN_UNREACHABLE_CODE = YES;
				CLANG_WARN__DUPLICATE_METHOD_MATCH = YES;
				"CODE_SIGN_IDENTITY[sdk=iphoneos*]" = "iPhone Developer";
				COPY_PHASE_STRIP = NO;
				DEBUG_INFORMATION_FORMAT = dwarf;
				ENABLE_STRICT_OBJC_MSGSEND = YES;
				ENABLE_TESTABILITY = YES;
				GCC_C_LANGUAGE_STANDARD = gnu99;
				GCC_DYNAMIC_NO_PIC = NO;
				GCC_NO_COMMON_BLOCKS = YES;
				GCC_OPTIMIZATION_LEVEL = 0;
				GCC_PREPROCESSOR_DEFINITIONS = (
					"DEBUG=1",
					"$(inherited)",
				);
				GCC_WARN_64_TO_32_BIT_CONVERSION = YES;
				GCC_WARN_ABOUT_RETURN_TYPE = YES_ERROR;
				GCC_WARN_UNDECLARED_SELECTOR = YES;
				GCC_WARN_UNINITIALIZED_AUTOS = YES_AGGRESSIVE;
				GCC_WARN_UNUSED_FUNCTION = YES;
				GCC_WARN_UNUSED_VARIABLE = YES;
				IPHONEOS_DEPLOYMENT_TARGET = 9.3;
				MTL_ENABLE_DEBUG_INFO = YES;
				ONLY_ACTIVE_ARCH = YES;
				SDKROOT = iphoneos;
				SWIFT_OPTIMIZATION_LEVEL = "-Onone";
			};
			name = Debug;
		};
		14A468C21D58399800EC6E07 /* Release */ = {
			isa = XCBuildConfiguration;
			buildSettings = {
				ALWAYS_SEARCH_USER_PATHS = NO;
				CLANG_ANALYZER_NONNULL = YES;
				CLANG_CXX_LANGUAGE_STANDARD = "gnu++0x";
				CLANG_CXX_LIBRARY = "libc++";
				CLANG_ENABLE_MODULES = YES;
				CLANG_ENABLE_OBJC_ARC = YES;
				CLANG_WARN_BOOL_CONVERSION = YES;
				CLANG_WARN_CONSTANT_CONVERSION = YES;
				CLANG_WARN_DIRECT_OBJC_ISA_USAGE = YES_ERROR;
				CLANG_WARN_EMPTY_BODY = YES;
				CLANG_WARN_ENUM_CONVERSION = YES;
				CLANG_WARN_INT_CONVERSION = YES;
				CLANG_WARN_OBJC_ROOT_CLASS = YES_ERROR;
				CLANG_WARN_UNREACHABLE_CODE = YES;
				CLANG_WARN__DUPLICATE_METHOD_MATCH = YES;
				"CODE_SIGN_IDENTITY[sdk=iphoneos*]" = "iPhone Developer";
				COPY_PHASE_STRIP = NO;
				DEBUG_INFORMATION_FORMAT = "dwarf-with-dsym";
				ENABLE_NS_ASSERTIONS = NO;
				ENABLE_STRICT_OBJC_MSGSEND = YES;
				GCC_C_LANGUAGE_STANDARD = gnu99;
				GCC_NO_COMMON_BLOCKS = YES;
				GCC_WARN_64_TO_32_BIT_CONVERSION = YES;
				GCC_WARN_ABOUT_RETURN_TYPE = YES_ERROR;
				GCC_WARN_UNDECLARED_SELECTOR = YES;
				GCC_WARN_UNINITIALIZED_AUTOS = YES_AGGRESSIVE;
				GCC_WARN_UNUSED_FUNCTION = YES;
				GCC_WARN_UNUSED_VARIABLE = YES;
				IPHONEOS_DEPLOYMENT_TARGET = 9.3;
				MTL_ENABLE_DEBUG_INFO = NO;
				SDKROOT = iphoneos;
				VALIDATE_PRODUCT = YES;
			};
			name = Release;
		};
		14A468C41D58399800EC6E07 /* Debug */ = {
			isa = XCBuildConfiguration;
			buildSettings = {
				ASSETCATALOG_COMPILER_APPICON_NAME = AppIcon;
				INFOPLIST_FILE = Timestamp/Info.plist;
				LD_RUNPATH_SEARCH_PATHS = "$(inherited) @executable_path/Frameworks";
				PRODUCT_BUNDLE_IDENTIFIER = net.xmagi.Timestamp;
				PRODUCT_NAME = "$(TARGET_NAME)";
			};
			name = Debug;
		};
		14A468C51D58399800EC6E07 /* Release */ = {
			isa = XCBuildConfiguration;
			buildSettings = {
				ASSETCATALOG_COMPILER_APPICON_NAME = AppIcon;
				INFOPLIST_FILE = Timestamp/Info.plist;
				LD_RUNPATH_SEARCH_PATHS = "$(inherited) @executable_path/Frameworks";
				PRODUCT_BUNDLE_IDENTIFIER = net.xmagi.Timestamp;
				PRODUCT_NAME = "$(TARGET_NAME)";
			};
			name = Release;
		};
/* End XCBuildConfiguration section */

/* Begin XCConfigurationList section */
		14A468AC1D58399800EC6E07 /* Build configuration list for PBXProject "Timestamp" */ = {
			isa = XCConfigurationList;
			buildConfigurations = (
				14A468C11D58399800EC6E07 /* Debug */,
				14A468C21D58399800EC6E07 /* Release */,
			);
			defaultConfigurationIsVisible = 0;
			defaultConfigurationName = Release;
		};
		14A468C31D58399800EC6E07 /* Build configuration list for PBXNativeTarget "Timestamp" */ = {
			isa = XCConfigurationList;
			buildConfigurations = (
				14A468C41D58399800EC6E07 /* Debug */,
				14A468C51D58399800EC6E07 /* Release */,
			);
			defaultConfigurationIsVisible = 0;
		};
/* End XCConfigurationList section */
	};
	rootObject = 14A468A91D58399800EC6E07 /* Project object */;
}
